
Microsoft Visual Studio Solution File, Format Version 12.00
# Visual Studio Version 16
VisualStudioVersion = 16.0.30330.147
MinimumVisualStudioVersion = 10.0.40219.1
Project("{FAE04EC0-301F-11D3-BF4B-00C04F79EFBC}") = "Numero2Letra", "Numero2Letra\Numero2Letra.csproj", "{969A1DFE-97F5-48FF-8561-0376116F3992}"
EndProject
Project("{FAE04EC0-301F-11D3-BF4B-00C04F79EFBC}") = "UnitTestNumero2Letra", "UnitTestNumero2Letra\UnitTestNumero2Letra.csproj", "{3C0F2FC8-8BAA-4CD6-8BF6-79698CFACA63}"
EndProject
Global
	GlobalSection(SolutionConfigurationPlatforms) = preSolution
		Debug|Any CPU = Debug|Any CPU
		Release|Any CPU = Release|Any CPU
	EndGlobalSection
	GlobalSection(ProjectConfigurationPlatforms) = postSolution
		{969A1DFE-97F5-48FF-8561-0376116F3992}.Debug|Any CPU.ActiveCfg = Debug|Any CPU
		{969A1DFE-97F5-48FF-8561-0376116F3992}.Debug|Any CPU.Build.0 = Debug|Any CPU
		{969A1DFE-97F5-48FF-8561-0376116F3992}.Release|Any CPU.ActiveCfg = Release|Any CPU
		{969A1DFE-97F5-48FF-8561-0376116F3992}.Release|Any CPU.Build.0 = Release|Any CPU
		{3C0F2FC8-8BAA-4CD6-8BF6-79698CFACA63}.Debug|Any CPU.ActiveCfg = Debug|Any CPU
		{3C0F2FC8-8BAA-4CD6-8BF6-79698CFACA63}.Debug|Any CPU.Build.0 = Debug|Any CPU
		{3C0F2FC8-8BAA-4CD6-8BF6-79698CFACA63}.Release|Any CPU.ActiveCfg = Release|Any CPU
		{3C0F2FC8-8BAA-4CD6-8BF6-79698CFACA63}.Release|Any CPU.Build.0 = Release|Any CPU
	EndGlobalSection
	GlobalSection(SolutionProperties) = preSolution
		HideSolutionNode = FALSE
	EndGlobalSection
	GlobalSection(ExtensibilityGlobals) = postSolution
		SolutionGuid = {50B57AD3-1007-4A3F-A0E8-9D33D24B41FF}
	EndGlobalSection
EndGlobal
